// !$*UTF8*$!
{
	archiveVersion = 1;
	classes = {
	};
	objectVersion = 56;
	objects = {

/* Begin PBXBuildFile section */
		A10000010000000000000001 /* SweepMacApp.swift in Sources */ = {isa = PBXBuildFile; fileRef = A20000010000000000000001 /* SweepMacApp.swift */; };
		A10000010000000000000002 /* DiskInfo.swift in Sources */ = {isa = PBXBuildFile; fileRef = A20000010000000000000002 /* DiskInfo.swift */; };
		A10000010000000000000003 /* CleanCategory.swift in Sources */ = {isa = PBXBuildFile; fileRef = A20000010000000000000003 /* CleanCategory.swift */; };
		A10000010000000000000004 /* FileItem.swift in Sources */ = {isa = PBXBuildFile; fileRef = A20000010000000000000004 /* FileItem.swift */; };
		A10000010000000000000005 /* DiskScannerVM.swift in Sources */ = {isa = PBXBuildFile; fileRef = A20000010000000000000005 /* DiskScannerVM.swift */; };
		A10000010000000000000006 /* CleanerVM.swift in Sources */ = {isa = PBXBuildFile; fileRef = A20000010000000000000006 /* CleanerVM.swift */; };
		A10000010000000000000007 /* SettingsVM.swift in Sources */ = {isa = PBXBuildFile; fileRef = A20000010000000000000007 /* SettingsVM.swift */; };
		A10000010000000000000008 /* MainView.swift in Sources */ = {isa = PBXBuildFile; fileRef = A20000010000000000000008 /* MainView.swift */; };
		A10000010000000000000009 /* OverviewView.swift in Sources */ = {isa = PBXBuildFile; fileRef = A20000010000000000000009 /* OverviewView.swift */; };
		A10000010000000000000010 /* DiskChartView.swift in Sources */ = {isa = PBXBuildFile; fileRef = A20000010000000000000010 /* DiskChartView.swift */; };
		A10000010000000000000011 /* CategoryDetailView.swift in Sources */ = {isa = PBXBuildFile; fileRef = A20000010000000000000011 /* CategoryDetailView.swift */; };
		A10000010000000000000012 /* CleanConfirmSheet.swift in Sources */ = {isa = PBXBuildFile; fileRef = A20000010000000000000012 /* CleanConfirmSheet.swift */; };
		A10000010000000000000013 /* OnboardingView.swift in Sources */ = {isa = PBXBuildFile; fileRef = A20000010000000000000013 /* OnboardingView.swift */; };
		A10000010000000000000014 /* SettingsView.swift in Sources */ = {isa = PBXBuildFile; fileRef = A20000010000000000000014 /* SettingsView.swift */; };
		A10000010000000000000015 /* DiskScanner.swift in Sources */ = {isa = PBXBuildFile; fileRef = A20000010000000000000015 /* DiskScanner.swift */; };
		A10000010000000000000016 /* Cleaner.swift in Sources */ = {isa = PBXBuildFile; fileRef = A20000010000000000000016 /* Cleaner.swift */; };
		A10000010000000000000017 /* PermissionChecker.swift in Sources */ = {isa = PBXBuildFile; fileRef = A20000010000000000000017 /* PermissionChecker.swift */; };
		A10000010000000000000018 /* ByteFormatter.swift in Sources */ = {isa = PBXBuildFile; fileRef = A20000010000000000000018 /* ByteFormatter.swift */; };
		A10000010000000000000019 /* SafePathValidator.swift in Sources */ = {isa = PBXBuildFile; fileRef = A20000010000000000000019 /* SafePathValidator.swift */; };
		A10000010000000000000020 /* Assets.xcassets in Resources */ = {isa = PBXBuildFile; fileRef = A20000010000000000000020 /* Assets.xcassets */; };
		A10000010000000000000021 /* FileNode.swift in Sources */ = {isa = PBXBuildFile; fileRef = A20000010000000000000022 /* FileNode.swift */; };
		A10000010000000000000022 /* FileNodeRow.swift in Sources */ = {isa = PBXBuildFile; fileRef = A20000010000000000000023 /* FileNodeRow.swift */; };
		A10000010000000000000024 /* ScanSnapshot.swift in Sources */ = {isa = PBXBuildFile; fileRef = A20000010000000000000024 /* ScanSnapshot.swift */; };
/* End PBXBuildFile section */

/* Begin PBXFileReference section */
		A20000010000000000000001 /* SweepMacApp.swift */ = {isa = PBXFileReference; lastKnownFileType = sourcecode.swift; path = SweepMacApp.swift; sourceTree = "<group>"; };
		A20000010000000000000002 /* DiskInfo.swift */ = {isa = PBXFileReference; lastKnownFileType = sourcecode.swift; path = DiskInfo.swift; sourceTree = "<group>"; };
		A20000010000000000000003 /* CleanCategory.swift */ = {isa = PBXFileReference; lastKnownFileType = sourcecode.swift; path = CleanCategory.swift; sourceTree = "<group>"; };
		A20000010000000000000004 /* FileItem.swift */ = {isa = PBXFileReference; lastKnownFileType = sourcecode.swift; path = FileItem.swift; sourceTree = "<group>"; };
		A20000010000000000000005 /* DiskScannerVM.swift */ = {isa = PBXFileReference; lastKnownFileType = sourcecode.swift; path = DiskScannerVM.swift; sourceTree = "<group>"; };
		A20000010000000000000006 /* CleanerVM.swift */ = {isa = PBXFileReference; lastKnownFileType = sourcecode.swift; path = CleanerVM.swift; sourceTree = "<group>"; };
		A20000010000000000000007 /* SettingsVM.swift */ = {isa = PBXFileReference; lastKnownFileType = sourcecode.swift; path = SettingsVM.swift; sourceTree = "<group>"; };
		A20000010000000000000008 /* MainView.swift */ = {isa = PBXFileReference; lastKnownFileType = sourcecode.swift; path = MainView.swift; sourceTree = "<group>"; };
		A20000010000000000000009 /* OverviewView.swift */ = {isa = PBXFileReference; lastKnownFileType = sourcecode.swift; path = OverviewView.swift; sourceTree = "<group>"; };
		A20000010000000000000010 /* DiskChartView.swift */ = {isa = PBXFileReference; lastKnownFileType = sourcecode.swift; path = DiskChartView.swift; sourceTree = "<group>"; };
		A20000010000000000000011 /* CategoryDetailView.swift */ = {isa = PBXFileReference; lastKnownFileType = sourcecode.swift; path = CategoryDetailView.swift; sourceTree = "<group>"; };
		A20000010000000000000012 /* CleanConfirmSheet.swift */ = {isa = PBXFileReference; lastKnownFileType = sourcecode.swift; path = CleanConfirmSheet.swift; sourceTree = "<group>"; };
		A20000010000000000000013 /* OnboardingView.swift */ = {isa = PBXFileReference; lastKnownFileType = sourcecode.swift; path = OnboardingView.swift; sourceTree = "<group>"; };
		A20000010000000000000014 /* SettingsView.swift */ = {isa = PBXFileReference; lastKnownFileType = sourcecode.swift; path = SettingsView.swift; sourceTree = "<group>"; };
		A20000010000000000000015 /* DiskScanner.swift */ = {isa = PBXFileReference; lastKnownFileType = sourcecode.swift; path = DiskScanner.swift; sourceTree = "<group>"; };
		A20000010000000000000016 /* Cleaner.swift */ = {isa = PBXFileReference; lastKnownFileType = sourcecode.swift; path = Cleaner.swift; sourceTree = "<group>"; };
		A20000010000000000000017 /* PermissionChecker.swift */ = {isa = PBXFileReference; lastKnownFileType = sourcecode.swift; path = PermissionChecker.swift; sourceTree = "<group>"; };
		A20000010000000000000018 /* ByteFormatter.swift */ = {isa = PBXFileReference; lastKnownFileType = sourcecode.swift; path = ByteFormatter.swift; sourceTree = "<group>"; };
		A20000010000000000000019 /* SafePathValidator.swift */ = {isa = PBXFileReference; lastKnownFileType = sourcecode.swift; path = SafePathValidator.swift; sourceTree = "<group>"; };
		A20000010000000000000020 /* Assets.xcassets */ = {isa = PBXFileReference; lastKnownFileType = folder.assetcatalog; path = Assets.xcassets; sourceTree = "<group>"; };
		A20000010000000000000021 /* SweepMac.entitlements */ = {isa = PBXFileReference; lastKnownFileType = text.plist.entitlements; path = SweepMac.entitlements; sourceTree = "<group>"; };
		A20000010000000000000022 /* FileNode.swift */ = {isa = PBXFileReference; lastKnownFileType = sourcecode.swift; path = FileNode.swift; sourceTree = "<group>"; };
		A20000010000000000000023 /* FileNodeRow.swift */ = {isa = PBXFileReference; lastKnownFileType = sourcecode.swift; path = FileNodeRow.swift; sourceTree = "<group>"; };
		A20000010000000000000024 /* ScanSnapshot.swift */ = {isa = PBXFileReference; lastKnownFileType = sourcecode.swift; path = ScanSnapshot.swift; sourceTree = "<group>"; };
		A30000010000000000000001 /* SweepMac.app */ = {isa = PBXFileReference; explicitFileType = wrapper.application; includeInIndex = 0; path = SweepMac.app; sourceTree = BUILT_PRODUCTS_DIR; };
/* End PBXFileReference section */

/* Begin PBXFrameworksBuildPhase section */
		A40000010000000000000001 /* Frameworks */ = {
			isa = PBXFrameworksBuildPhase;
			buildActionMask = 2147483647;
			files = (
			);
			runOnlyForDeploymentPostprocessing = 0;
		};
/* End PBXFrameworksBuildPhase section */

/* Begin PBXGroup section */
		A50000010000000000000001 /* Root */ = {
			isa = PBXGroup;
			children = (
				A50000010000000000000002 /* SweepMac */,
				A50000010000000000000099 /* Products */,
			);
			sourceTree = "<group>";
		};
		A50000010000000000000099 /* Products */ = {
			isa = PBXGroup;
			children = (
				A30000010000000000000001 /* SweepMac.app */,
			);
			name = Products;
			sourceTree = "<group>";
		};
		A50000010000000000000002 /* SweepMac */ = {
			isa = PBXGroup;
			children = (
				A20000010000000000000001 /* SweepMacApp.swift */,
				A50000010000000000000003 /* Models */,
				A50000010000000000000004 /* ViewModels */,
				A50000010000000000000005 /* Views */,
				A50000010000000000000006 /* Services */,
				A50000010000000000000007 /* Utils */,
				A20000010000000000000020 /* Assets.xcassets */,
				A20000010000000000000021 /* SweepMac.entitlements */,
			);
			path = SweepMac;
			sourceTree = "<group>";
		};
		A50000010000000000000003 /* Models */ = {
			isa = PBXGroup;
			children = (
				A20000010000000000000002 /* DiskInfo.swift */,
				A20000010000000000000003 /* CleanCategory.swift */,
				A20000010000000000000004 /* FileItem.swift */,
				A20000010000000000000024 /* ScanSnapshot.swift */,
			);
			path = Models;
			sourceTree = "<group>";
		};
		A50000010000000000000004 /* ViewModels */ = {
			isa = PBXGroup;
			children = (
				A20000010000000000000005 /* DiskScannerVM.swift */,
				A20000010000000000000006 /* CleanerVM.swift */,
				A20000010000000000000007 /* SettingsVM.swift */,
				A20000010000000000000022 /* FileNode.swift */,
			);
			path = ViewModels;
			sourceTree = "<group>";
		};
		A50000010000000000000005 /* Views */ = {
			isa = PBXGroup;
			children = (
				A20000010000000000000008 /* MainView.swift */,
				A20000010000000000000009 /* OverviewView.swift */,
				A20000010000000000000010 /* DiskChartView.swift */,
				A20000010000000000000011 /* CategoryDetailView.swift */,
				A20000010000000000000012 /* CleanConfirmSheet.swift */,
				A20000010000000000000013 /* OnboardingView.swift */,
				A20000010000000000000014 /* SettingsView.swift */,
				A20000010000000000000023 /* FileNodeRow.swift */,
			);
			path = Views;
			sourceTree = "<group>";
		};
		A50000010000000000000006 /* Services */ = {
			isa = PBXGroup;
			children = (
				A20000010000000000000015 /* DiskScanner.swift */,
				A20000010000000000000016 /* Cleaner.swift */,
				A20000010000000000000017 /* PermissionChecker.swift */,
			);
			path = Services;
			sourceTree = "<group>";
		};
		A50000010000000000000007 /* Utils */ = {
			isa = PBXGroup;
			children = (
				A20000010000000000000018 /* ByteFormatter.swift */,
				A20000010000000000000019 /* SafePathValidator.swift */,
			);
			path = Utils;
			sourceTree = "<group>";
		};
/* End PBXGroup section */

/* Begin PBXNativeTarget section */
		A60000010000000000000001 /* SweepMac */ = {
			isa = PBXNativeTarget;
			buildConfigurationList = A80000010000000000000001 /* Build configuration list for PBXNativeTarget "SweepMac" */;
			buildPhases = (
				A70000010000000000000001 /* Sources */,
				A40000010000000000000001 /* Frameworks */,
				A70000010000000000000002 /* Resources */,
			);
			buildRules = (
			);
			dependencies = (
			);
			name = SweepMac;
			productName = SweepMac;
			productReference = A30000010000000000000001 /* SweepMac.app */;
			productType = "com.apple.product-type.application";
		};
/* End PBXNativeTarget section */

/* Begin PBXProject section */
		A90000010000000000000001 /* Project object */ = {
			isa = PBXProject;
			attributes = {
				BuildIndependentTargetsInParallel = 1;
				LastSwiftUpdateCheck = 1500;
				LastUpgradeCheck = 1500;
				TargetAttributes = {
					A60000010000000000000001 = {
						CreatedOnToolsVersion = 15.0;
					};
				};
			};
			buildConfigurationList = A80000010000000000000002 /* Build configuration list for PBXProject "SweepMac" */;
			compatibilityVersion = "Xcode 14.0";
			developmentRegion = en;
			hasScannedForEncodings = 0;
			knownRegions = (
				en,
				Base,
			);
			mainGroup = A50000010000000000000001 /* Root */;
			productRefGroup = A50000010000000000000099 /* Products */;
			projectDirPath = "";
			projectRoot = "";
			targets = (
				A60000010000000000000001 /* SweepMac */,
			);
		};
/* End PBXProject section */

/* Begin PBXResourcesBuildPhase section */
		A70000010000000000000002 /* Resources */ = {
			isa = PBXResourcesBuildPhase;
			buildActionMask = 2147483647;
			files = (
				A10000010000000000000020 /* Assets.xcassets in Resources */,
			);
			runOnlyForDeploymentPostprocessing = 0;
		};
/* End PBXResourcesBuildPhase section */

/* Begin PBXSourcesBuildPhase section */
		A70000010000000000000001 /* Sources */ = {
			isa = PBXSourcesBuildPhase;
			buildActionMask = 2147483647;
			files = (
				A10000010000000000000001 /* SweepMacApp.swift in Sources */,
				A10000010000000000000002 /* DiskInfo.swift in Sources */,
				A10000010000000000000003 /* CleanCategory.swift in Sources */,
				A10000010000000000000004 /* FileItem.swift in Sources */,
				A10000010000000000000005 /* DiskScannerVM.swift in Sources */,
				A10000010000000000000006 /* CleanerVM.swift in Sources */,
				A10000010000000000000007 /* SettingsVM.swift in Sources */,
				A10000010000000000000008 /* MainView.swift in Sources */,
				A10000010000000000000009 /* OverviewView.swift in Sources */,
				A10000010000000000000010 /* DiskChartView.swift in Sources */,
				A10000010000000000000011 /* CategoryDetailView.swift in Sources */,
				A10000010000000000000012 /* CleanConfirmSheet.swift in Sources */,
				A10000010000000000000013 /* OnboardingView.swift in Sources */,
				A10000010000000000000014 /* SettingsView.swift in Sources */,
				A10000010000000000000015 /* DiskScanner.swift in Sources */,
				A10000010000000000000016 /* Cleaner.swift in Sources */,
				A10000010000000000000017 /* PermissionChecker.swift in Sources */,
				A10000010000000000000018 /* ByteFormatter.swift in Sources */,
				A10000010000000000000019 /* SafePathValidator.swift in Sources */,
				A10000010000000000000021 /* FileNode.swift in Sources */,
				A10000010000000000000022 /* FileNodeRow.swift in Sources */,
				A10000010000000000000024 /* ScanSnapshot.swift in Sources */,
			);
			runOnlyForDeploymentPostprocessing = 0;
		};
/* End PBXSourcesBuildPhase section */

/* Begin XCBuildConfiguration section */
		B10000010000000000000001 /* Debug */ = {
			isa = XCBuildConfiguration;
			buildSettings = {
				ALWAYS_SEARCH_USER_PATHS = NO;
				ASSETCATALOG_COMPILER_GENERATE_SWIFT_ASSET_SYMBOL_EXTENSIONS = YES;
				CLANG_ANALYZER_NONNULL = YES;
				CLANG_ANALYZER_NUMBER_OBJECT_CONVERSION = YES_AGGRESSIVE;
				CLANG_CXX_LANGUAGE_STANDARD = "gnu++20";
				CLANG_ENABLE_MODULES = YES;
				CLANG_ENABLE_OBJC_ARC = YES;
				CLANG_ENABLE_OBJC_WEAK = YES;
				CLANG_WARN_BLOCK_CAPTURE_AUTORELEASING = YES;
				CLANG_WARN_BOOL_CONVERSION = YES;
				CLANG_WARN_COMMA = YES;
				CLANG_WARN_CONSTANT_CONVERSION = YES;
				CLANG_WARN_DEPRECATED_OBJC_IMPLEMENTATIONS = YES;
				CLANG_WARN_DIRECT_OBJC_ISA_USAGE = YES_ERROR;
				CLANG_WARN_DOCUMENTATION_COMMENTS = YES;
				CLANG_WARN_EMPTY_BODY = YES;
				CLANG_WARN_ENUM_CONVERSION = YES;
				CLANG_WARN_INFINITE_RECURSION = YES;
				CLANG_WARN_INT_CONVERSION = YES;
				CLANG_WARN_NON_LITERAL_NULL_CONVERSION = YES;
				CLANG_WARN_OBJC_IMPLICIT_RETAIN_SELF = YES;
				CLANG_WARN_OBJC_LITERAL_CONVERSION = YES;
				CLANG_WARN_OBJC_ROOT_CLASS = YES_ERROR;
				CLANG_WARN_QUOTED_INCLUDE_IN_FRAMEWORK_HEADER = YES;
				CLANG_WARN_RANGE_LOOP_ANALYSIS = YES;
				CLANG_WARN_STRICT_PROTOTYPES = YES;
				CLANG_WARN_SUSPICIOUS_MOVE = YES;
				CLANG_WARN_UNGUARDED_AVAILABILITY = YES_AGGRESSIVE;
				CLANG_WARN_UNREACHABLE_CODE = YES;
				CLANG_WARN__DUPLICATE_METHOD_MATCH = YES;
				COPY_PHASE_STRIP = NO;
				DEBUG_INFORMATION_FORMAT = dwarf;
				ENABLE_STRICT_OBJC_MSGSEND = YES;
				ENABLE_TESTABILITY = YES;
				ENABLE_USER_SCRIPT_SANDBOXING = YES;
				GCC_C_LANGUAGE_STANDARD = gnu17;
				GCC_DYNAMIC_NO_PIC = NO;
				GCC_NO_COMMON_BLOCKS = YES;
				GCC_OPTIMIZATION_LEVEL = 0;
				GCC_PREPROCESSOR_DEFINITIONS = (
					"DEBUG=1",
					"$(inherited)",
				);
				GCC_WARN_64_TO_32_BIT_CONVERSION = YES;
				GCC_WARN_ABOUT_RETURN_TYPE = YES_ERROR;
				GCC_WARN_UNDECLARED_SELECTOR = YES;
				GCC_WARN_UNINITIALIZED_AUTOS = YES_AGGRESSIVE;
				GCC_WARN_UNUSED_FUNCTION = YES;
				GCC_WARN_UNUSED_VARIABLE = YES;
				MACOSX_DEPLOYMENT_TARGET = 14.0;
				MTL_ENABLE_DEBUG_INFO = INCLUDE_SOURCE;
				MTL_FAST_MATH = YES;
				ONLY_ACTIVE_ARCH = YES;
				SDKROOT = macosx;
				SWIFT_ACTIVE_COMPILATION_CONDITIONS = "DEBUG $(inherited)";
				SWIFT_OPTIMIZATION_LEVEL = "-Onone";
			};
			name = Debug;
		};
		B10000010000000000000002 /* Release */ = {
			isa = XCBuildConfiguration;
			buildSettings = {
				ALWAYS_SEARCH_USER_PATHS = NO;
				ASSETCATALOG_COMPILER_GENERATE_SWIFT_ASSET_SYMBOL_EXTENSIONS = YES;
				CLANG_ANALYZER_NONNULL = YES;
				CLANG_ANALYZER_NUMBER_OBJECT_CONVERSION = YES_AGGRESSIVE;
				CLANG_CXX_LANGUAGE_STANDARD = "gnu++20";
				CLANG_ENABLE_MODULES = YES;
				CLANG_ENABLE_OBJC_ARC = YES;
				CLANG_ENABLE_OBJC_WEAK = YES;
				CLANG_WARN_BLOCK_CAPTURE_AUTORELEASING = YES;
				CLANG_WARN_BOOL_CONVERSION = YES;
				CLANG_WARN_COMMA = YES;
				CLANG_WARN_CONSTANT_CONVERSION = YES;
				CLANG_WARN_DEPRECATED_OBJC_IMPLEMENTATIONS = YES;
				CLANG_WARN_DIRECT_OBJC_ISA_USAGE = YES_ERROR;
				CLANG_WARN_DOCUMENTATION_COMMENTS = YES;
				CLANG_WARN_EMPTY_BODY = YES;
				CLANG_WARN_ENUM_CONVERSION = YES;
				CLANG_WARN_INFINITE_RECURSION = YES;
				CLANG_WARN_INT_CONVERSION = YES;
				CLANG_WARN_NON_LITERAL_NULL_CONVERSION = YES;
				CLANG_WARN_OBJC_IMPLICIT_RETAIN_SELF = YES;
				CLANG_WARN_OBJC_LITERAL_CONVERSION = YES;
				CLANG_WARN_OBJC_ROOT_CLASS = YES_ERROR;
				CLANG_WARN_QUOTED_INCLUDE_IN_FRAMEWORK_HEADER = YES;
				CLANG_WARN_RANGE_LOOP_ANALYSIS = YES;
				CLANG_WARN_STRICT_PROTOTYPES = YES;
				CLANG_WARN_SUSPICIOUS_MOVE = YES;
				CLANG_WARN_UNGUARDED_AVAILABILITY = YES_AGGRESSIVE;
				CLANG_WARN_UNREACHABLE_CODE = YES;
				CLANG_WARN__DUPLICATE_METHOD_MATCH = YES;
				COPY_PHASE_STRIP = NO;
				DEBUG_INFORMATION_FORMAT = "dwarf-with-dsym";
				ENABLE_NS_ASSERTIONS = NO;
				ENABLE_STRICT_OBJC_MSGSEND = YES;
				ENABLE_USER_SCRIPT_SANDBOXING = YES;
				GCC_C_LANGUAGE_STANDARD = gnu17;
				GCC_NO_COMMON_BLOCKS = YES;
				GCC_WARN_64_TO_32_BIT_CONVERSION = YES;
				GCC_WARN_ABOUT_RETURN_TYPE = YES_ERROR;
				GCC_WARN_UNDECLARED_SELECTOR = YES;
				GCC_WARN_UNINITIALIZED_AUTOS = YES_AGGRESSIVE;
				GCC_WARN_UNUSED_FUNCTION = YES;
				GCC_WARN_UNUSED_VARIABLE = YES;
				MACOSX_DEPLOYMENT_TARGET = 14.0;
				MTL_ENABLE_DEBUG_INFO = NO;
				MTL_FAST_MATH = YES;
				SDKROOT = macosx;
				SWIFT_COMPILATION_MODE = wholemodule;
			};
			name = Release;
		};
		B10000010000000000000003 /* Debug */ = {
			isa = XCBuildConfiguration;
			buildSettings = {
				ASSETCATALOG_COMPILER_APPICON_NAME = AppIcon;
				ASSETCATALOG_COMPILER_GLOBAL_ACCENT_COLOR_NAME = AccentColor;
				CODE_SIGN_ENTITLEMENTS = SweepMac/SweepMac.entitlements;
				CODE_SIGN_STYLE = Automatic;
				COMBINE_HIDPI_IMAGES = YES;
				CURRENT_PROJECT_VERSION = 1;
				DEVELOPMENT_TEAM = "";
				ENABLE_HARDENED_RUNTIME = YES;
				GENERATE_INFOPLIST_FILE = YES;
				INFOPLIST_KEY_CFBundleDisplayName = SweepMac;
				INFOPLIST_KEY_LSApplicationCategoryType = "public.app-category.utilities";
				INFOPLIST_KEY_NSHumanReadableCopyright = "Copyright © 2026. MIT License.";
				LD_RUNPATH_SEARCH_PATHS = (
					"$(inherited)",
					"@executable_path/../Frameworks",
				);
				MARKETING_VERSION = 1.0.0;
				PRODUCT_BUNDLE_IDENTIFIER = com.sweepmac.app;
				PRODUCT_NAME = "$(TARGET_NAME)";
				SWIFT_EMIT_LOC_STRINGS = YES;
				SWIFT_STRICT_CONCURRENCY = complete;
				SWIFT_VERSION = 5.0;
			};
			name = Debug;
		};
		B10000010000000000000004 /* Release */ = {
			isa = XCBuildConfiguration;
			buildSettings = {
				ASSETCATALOG_COMPILER_APPICON_NAME = AppIcon;
				ASSETCATALOG_COMPILER_GLOBAL_ACCENT_COLOR_NAME = AccentColor;
				CODE_SIGN_ENTITLEMENTS = SweepMac/SweepMac.entitlements;
				CODE_SIGN_STYLE = Automatic;
				COMBINE_HIDPI_IMAGES = YES;
				CURRENT_PROJECT_VERSION = 1;
				DEVELOPMENT_TEAM = "";
				ENABLE_HARDENED_RUNTIME = YES;
				GENERATE_INFOPLIST_FILE = YES;
				INFOPLIST_KEY_CFBundleDisplayName = SweepMac;
				INFOPLIST_KEY_LSApplicationCategoryType = "public.app-category.utilities";
				INFOPLIST_KEY_NSHumanReadableCopyright = "Copyright © 2026. MIT License.";
				LD_RUNPATH_SEARCH_PATHS = (
					"$(inherited)",
					"@executable_path/../Frameworks",
				);
				MARKETING_VERSION = 1.0.0;
				PRODUCT_BUNDLE_IDENTIFIER = com.sweepmac.app;
				PRODUCT_NAME = "$(TARGET_NAME)";
				SWIFT_EMIT_LOC_STRINGS = YES;
				SWIFT_STRICT_CONCURRENCY = complete;
				SWIFT_VERSION = 5.0;
			};
			name = Release;
		};
/* End XCBuildConfiguration section */

/* Begin XCConfigurationList section */
		A80000010000000000000001 /* Build configuration list for PBXNativeTarget "SweepMac" */ = {
			isa = XCConfigurationList;
			buildConfigurations = (
				B10000010000000000000003 /* Debug */,
				B10000010000000000000004 /* Release */,
			);
			defaultConfigurationIsVisible = 0;
			defaultConfigurationName = Release;
		};
		A80000010000000000000002 /* Build configuration list for PBXProject "SweepMac" */ = {
			isa = XCConfigurationList;
			buildConfigurations = (
				B10000010000000000000001 /* Debug */,
				B10000010000000000000002 /* Release */,
			);
			defaultConfigurationIsVisible = 0;
			defaultConfigurationName = Release;
		};
/* End XCConfigurationList section */
	};
	rootObject = A90000010000000000000001 /* Project object */;
}
